
Microsoft Visual Studio Solution File, Format Version 12.00
# Visual Studio Version 16
VisualStudioVersion = 16.0.30907.101
MinimumVisualStudioVersion = 10.0.40219.1
Project("{FAE04EC0-301F-11D3-BF4B-00C04F79EFBC}") = "ManalizaDesktopApp", "ManalizaDesktopApp.csproj", "{5BD6FEE6-DE92-43E5-9804-70065A117D8B}"
EndProject
Global
	GlobalSection(SolutionConfigurationPlatforms) = preSolution
		Debug|Any CPU = Debug|Any CPU
		Release|Any CPU = Release|Any CPU
	EndGlobalSection
	GlobalSection(ProjectConfigurationPlatforms) = postSolution
		{5BD6FEE6-DE92-43E5-9804-70065A117D8B}.Debug|Any CPU.ActiveCfg = Debug|Any CPU
		{5BD6FEE6-DE92-43E5-9804-70065A117D8B}.Debug|Any CPU.Build.0 = Debug|Any CPU
		{5BD6FEE6-DE92-43E5-9804-70065A117D8B}.Release|Any CPU.ActiveCfg = Release|Any CPU
		{5BD6FEE6-DE92-43E5-9804-70065A117D8B}.Release|Any CPU.Build.0 = Release|Any CPU
	EndGlobalSection
	GlobalSection(SolutionProperties) = preSolution
		HideSolutionNode = FALSE
	EndGlobalSection
	GlobalSection(ExtensibilityGlobals) = postSolution
		SolutionGuid = {E1F1066C-0D57-437F-8699-096D62CFA18C}
	EndGlobalSection
EndGlobal
